
Microsoft Visual Studio Solution File, Format Version 12.00
# Visual Studio 15
VisualStudioVersion = 15.0.27703.2047
MinimumVisualStudioVersion = 10.0.40219.1
Project("{FAE04EC0-301F-11D3-BF4B-00C04F79EFBC}") = "GetInfluxData", "GetInfluxData\GetInfluxData.csproj", "{F6E217CA-D449-45AC-9157-CF6DCC65248A}"
EndProject
Global
	GlobalSection(SolutionConfigurationPlatforms) = preSolution
		Debug|Any CPU = Debug|Any CPU
		Release|Any CPU = Release|Any CPU
	EndGlobalSection
	GlobalSection(ProjectConfigurationPlatforms) = postSolution
		{F6E217CA-D449-45AC-9157-CF6DCC65248A}.Debug|Any CPU.ActiveCfg = Debug|Any CPU
		{F6E217CA-D449-45AC-9157-CF6DCC65248A}.Debug|Any CPU.Build.0 = Debug|Any CPU
		{F6E217CA-D449-45AC-9157-CF6DCC65248A}.Release|Any CPU.ActiveCfg = Release|Any CPU
		{F6E217CA-D449-45AC-9157-CF6DCC65248A}.Release|Any CPU.Build.0 = Release|Any CPU
	EndGlobalSection
	GlobalSection(SolutionProperties) = preSolution
		HideSolutionNode = FALSE
	EndGlobalSection
	GlobalSection(ExtensibilityGlobals) = postSolution
		SolutionGuid = {F8C50E34-50D5-49C1-BB3B-F41D850B92C3}
	EndGlobalSection
EndGlobal
